
Microsoft Visual Studio Solution File, Format Version 12.00
# Visual Studio 15
VisualStudioVersion = 15.0.27703.2026
MinimumVisualStudioVersion = 10.0.40219.1
Project("{2150E333-8FDC-42A3-9474-1A3956D46DE8}") = "Part_1", "Part_1", "{95F235F3-DA27-40A1-AAA9-A36B8B180719}"
EndProject
Project("{2150E333-8FDC-42A3-9474-1A3956D46DE8}") = "Chapter_01", "Chapter_01", "{3650B1B8-0036-4083-9128-8A86E2B32A3D}"
EndProject
Project("{8BC9CEB8-8B4A-11D0-8D11-00A0C91BC942}") = "01_Vector", "01_Vector\01_Vector.vcxproj", "{F389EB10-E804-4611-A79A-9590DBDF8BE5}"
EndProject
Project("{8BC9CEB8-8B4A-11D0-8D11-00A0C91BC942}") = "02_VectorFunction", "02_VectorFunction\02_VectorFunction.vcxproj", "{9265D7A4-5D9E-4B1E-8968-A22DFE980FE4}"
EndProject
Project("{8BC9CEB8-8B4A-11D0-8D11-00A0C91BC942}") = "03_FloatingPoint_Error", "03_FloatingPoint_Error\03_FloatingPoint_Error.vcxproj", "{3F5DAC79-5231-48AC-B4DA-68575BBDAA54}"
EndProject
Project("{2150E333-8FDC-42A3-9474-1A3956D46DE8}") = "Chapter_02", "Chapter_02", "{88B522CD-BE2B-4E2F-A61C-7DB69BF927C8}"
EndProject
Project("{8BC9CEB8-8B4A-11D0-8D11-00A0C91BC942}") = "01_Matrix", "01_Matrix\01_Matrix.vcxproj", "{AE43D376-00FA-4D55-A14C-4C260F51C527}"
EndProject
Project("{8BC9CEB8-8B4A-11D0-8D11-00A0C91BC942}") = "C02_Exhibition", "C02_Exhibition\C02_Exhibition.vcxproj", "{DFE19A94-8BD0-49CB-9972-908CF45BBD02}"
EndProject
Project("{8BC9CEB8-8B4A-11D0-8D11-00A0C91BC942}") = "C02_Exhibition_2", "C02_Exhibition_2\C02_Exhibition_2.vcxproj", "{E376BFD6-BC91-47B8-A951-11E812A2C91F}"
EndProject
Project("{2150E333-8FDC-42A3-9474-1A3956D46DE8}") = "Part_2", "Part_2", "{2E3C7F13-9C3E-4CDF-9CFF-3F55718094AA}"
EndProject
Project("{2150E333-8FDC-42A3-9474-1A3956D46DE8}") = "Chapter_04", "Chapter_04", "{40916703-1B0D-45EA-A241-7249857D9F4F}"
EndProject
Project("{8BC9CEB8-8B4A-11D0-8D11-00A0C91BC942}") = "Init_Direct3D", "Init_Direct3D\Init_Direct3D.vcxproj", "{E99294CF-38B2-4C76-A153-7783176A2C14}"
EndProject
Project("{8BC9CEB8-8B4A-11D0-8D11-00A0C91BC942}") = "Init", "Init\Init.vcxproj", "{F7E8BE90-17B0-458E-A3E3-DC9802E6ED72}"
EndProject
Project("{2150E333-8FDC-42A3-9474-1A3956D46DE8}") = "Note", "Note", "{C0798945-AA23-4AD0-8E48-56C8F7661928}"
EndProject
Project("{2150E333-8FDC-42A3-9474-1A3956D46DE8}") = "Chapter_06", "Chapter_06", "{4DE45B10-08D5-4039-93E4-3F950E8EAD2A}"
EndProject
Project("{2150E333-8FDC-42A3-9474-1A3956D46DE8}") = "Sample", "Sample", "{3065D57C-7DFF-4818-A1E2-08E3086D1DA6}"
EndProject
Project("{8BC9CEB8-8B4A-11D0-8D11-00A0C91BC942}") = "Box", "Box\Box.vcxproj", "{6E2F1739-B069-4F6F-B6DE-EB591F15B728}"
EndProject
Project("{2150E333-8FDC-42A3-9474-1A3956D46DE8}") = "Exercise", "Exercise", "{F78EF5A5-6AA6-4A47-8BD1-072F22C22CB8}"
EndProject
Project("{8BC9CEB8-8B4A-11D0-8D11-00A0C91BC942}") = "C6Ex_02", "C6Ex_02\C6Ex_02.vcxproj", "{238AE5C9-B089-4B3E-A23B-1DAF881DBD44}"
EndProject
Project("{8BC9CEB8-8B4A-11D0-8D11-00A0C91BC942}") = "C6Ex_03", "C6Ex_03\C6Ex_03.vcxproj", "{B98DBDD1-C02E-4AA3-93F2-177815C12F16}"
EndProject
Project("{8BC9CEB8-8B4A-11D0-8D11-00A0C91BC942}") = "C6Ex_04", "C6Ex_04\C6Ex_04.vcxproj", "{F962DA0A-074D-49E0-AF07-7D7871E74889}"
EndProject
Project("{8BC9CEB8-8B4A-11D0-8D11-00A0C91BC942}") = "C6Ex_05", "C6Ex_05\C6Ex_05.vcxproj", "{F7312EF4-B19D-4B40-AC14-168A39128FE0}"
EndProject
Project("{8BC9CEB8-8B4A-11D0-8D11-00A0C91BC942}") = "C6Ex_07", "C6Ex_07\C6Ex_07.vcxproj", "{66FC2640-F525-494F-BA35-9C182973D1C0}"
EndProject
Project("{8BC9CEB8-8B4A-11D0-8D11-00A0C91BC942}") = "C6Ex_14", "C6Ex_14\C6Ex_14.vcxproj", "{84B6A1A3-37AB-489D-B78B-5DFF3314DC2B}"
EndProject
Project("{8BC9CEB8-8B4A-11D0-8D11-00A0C91BC942}") = "C02_Ex18", "C02_Ex18\C02_Ex18.vcxproj", "{C663F8C5-DDB3-4A5C-B675-DFE4041368D8}"
EndProject
Project("{8BC9CEB8-8B4A-11D0-8D11-00A0C91BC942}") = "C02_Ex19", "C02_Ex19\C02_Ex19.vcxproj", "{E1C90778-30E8-4D9E-90A3-5C8247AE1E32}"
EndProject
Project("{8BC9CEB8-8B4A-11D0-8D11-00A0C91BC942}") = "Initial", "Initial\Initial.vcxproj", "{DAD53909-798A-45B3-95FE-ACB7E04BE170}"
EndProject
Project("{8BC9CEB8-8B4A-11D0-8D11-00A0C91BC942}") = "Box_1", "Box_1\Box_1.vcxproj", "{45C79AB4-3208-49C9-8C30-B3DACA1C0D86}"
EndProject
Project("{2150E333-8FDC-42A3-9474-1A3956D46DE8}") = "Chapter_07", "Chapter_07", "{BD7B57D0-AAC9-4A47-9C4A-5D0A8787995C}"
EndProject
Project("{2150E333-8FDC-42A3-9474-1A3956D46DE8}") = "Exercise", "Exercise", "{4973F90F-D22F-4EC5-84D4-F0856FA5A277}"
EndProject
Project("{2150E333-8FDC-42A3-9474-1A3956D46DE8}") = "Sample", "Sample", "{EA911C35-29DD-40AD-B0F3-DDF78EB96029}"
EndProject
Project("{8BC9CEB8-8B4A-11D0-8D11-00A0C91BC942}") = "Shape", "Shape\Shape.vcxproj", "{114921E6-E5A4-4784-A320-C6535568D926}"
EndProject
Project("{8BC9CEB8-8B4A-11D0-8D11-00A0C91BC942}") = "LandAndWaves", "LandAndWaves\LandAndWaves.vcxproj", "{D3B5AEE9-2680-4AD9-947E-F6D0CF9AEA74}"
EndProject
Project("{8BC9CEB8-8B4A-11D0-8D11-00A0C91BC942}") = "C7Ex_02", "C7Ex_02\C7Ex_02.vcxproj", "{D083956B-52D1-4FD0-B0FF-E823BB3FFD72}"
EndProject
Project("{8BC9CEB8-8B4A-11D0-8D11-00A0C91BC942}") = "C7Ex_01", "C7Ex_01\C7Ex_01.vcxproj", "{81B44EA3-BBD5-4B15-BA39-41EDE77F4C2D}"
EndProject
Project("{8BC9CEB8-8B4A-11D0-8D11-00A0C91BC942}") = "C7Ex_03", "C7Ex_03\C7Ex_03.vcxproj", "{0F1DB3E3-3CFA-41A8-B4FB-4B6683378C7E}"
EndProject
Project("{2150E333-8FDC-42A3-9474-1A3956D46DE8}") = "Chapter_08", "Chapter_08", "{376A5BC7-6E9C-4228-9010-3C555414EC3A}"
EndProject
Project("{2150E333-8FDC-42A3-9474-1A3956D46DE8}") = "Sample", "Sample", "{0D91D5C6-612A-4036-B240-68E42FBD8F47}"
EndProject
Project("{2150E333-8FDC-42A3-9474-1A3956D46DE8}") = "Exercise", "Exercise", "{5A2B3B17-ED20-443C-A80E-95064B44C77F}"
EndProject
Project("{8BC9CEB8-8B4A-11D0-8D11-00A0C91BC942}") = "LitWaves", "LitWaves\LitWaves.vcxproj", "{AF73CEBE-AAB4-4BF5-97D7-F7D1CF7AF933}"
EndProject
Project("{8BC9CEB8-8B4A-11D0-8D11-00A0C91BC942}") = "C8Ex_03", "C8Ex_03\C8Ex_03.vcxproj", "{1B771E99-7823-44E1-98CE-28F2332EF344}"
EndProject
Project("{2150E333-8FDC-42A3-9474-1A3956D46DE8}") = "Chapter_09", "Chapter_09", "{9AFDC3C0-9397-4499-9F27-CDE55B27BDF9}"
EndProject
Project("{2150E333-8FDC-42A3-9474-1A3956D46DE8}") = "Exercise", "Exercise", "{0580D355-3E66-4FB6-8A70-D1291C1B1F04}"
EndProject
Project("{2150E333-8FDC-42A3-9474-1A3956D46DE8}") = "Sample", "Sample", "{EB86CA3E-C59F-4A94-B0D2-942B39696F5F}"
EndProject
Project("{8BC9CEB8-8B4A-11D0-8D11-00A0C91BC942}") = "Crate", "Crate\Crate.vcxproj", "{ABD08A8D-C878-4FA9-B54B-CF4E3F91FBD9}"
EndProject
Project("{8BC9CEB8-8B4A-11D0-8D11-00A0C91BC942}") = "C9Ex_03", "C9Ex_03\C9Ex_03.vcxproj", "{E2DE06AD-0547-40C9-9413-5CC23559358B}"
EndProject
Project("{8BC9CEB8-8B4A-11D0-8D11-00A0C91BC942}") = "C9Ex_06", "C9Ex_06\C9Ex_06.vcxproj", "{13D6BEB5-E72A-4A31-8D17-208359A3B119}"
EndProject
Project("{8BC9CEB8-8B4A-11D0-8D11-00A0C91BC942}") = "Quaternion", "Quaternion\Quaternion.vcxproj", "{A01F7FE7-7016-401E-921B-39F2001013BE}"
EndProject
Project("{8BC9CEB8-8B4A-11D0-8D11-00A0C91BC942}") = "TexWaves", "TexWaves\TexWaves.vcxproj", "{9E9C1605-77D2-419F-9068-6AF44A919C82}"
EndProject
Project("{2150E333-8FDC-42A3-9474-1A3956D46DE8}") = "Chapter_10", "Chapter_10", "{385B6A65-AEFB-4CB3-AF96-CDC0CF4F3E73}"
EndProject
Project("{2150E333-8FDC-42A3-9474-1A3956D46DE8}") = "Exercise", "Exercise", "{3023303A-141A-4BAB-8A3B-D384B1E422E9}"
EndProject
Project("{2150E333-8FDC-42A3-9474-1A3956D46DE8}") = "Sample", "Sample", "{54A774F4-15F9-4E98-B1AF-2C84C2371388}"
EndProject
Project("{8BC9CEB8-8B4A-11D0-8D11-00A0C91BC942}") = "BlendDemo", "BlendDemo\BlendDemo.vcxproj", "{19EB34A7-6ADD-4F4A-BD0A-B5F96615930B}"
EndProject
Project("{2150E333-8FDC-42A3-9474-1A3956D46DE8}") = "Chapter_11", "Chapter_11", "{D6AF445B-8101-4F33-8267-9BECC77FF301}"
EndProject
Project("{2150E333-8FDC-42A3-9474-1A3956D46DE8}") = "Sample", "Sample", "{EEB13287-717E-41B1-896E-29C359C8AA45}"
EndProject
Project("{8BC9CEB8-8B4A-11D0-8D11-00A0C91BC942}") = "StencilDemo", "StencilDemo\StencilDemo.vcxproj", "{38E205D2-2CDC-4C2A-9331-44F6D04EF0F8}"
EndProject
Project("{2150E333-8FDC-42A3-9474-1A3956D46DE8}") = "Exercise", "Exercise", "{3FD625AE-420D-4A28-868B-9FCA589CA5C9}"
EndProject
Project("{8BC9CEB8-8B4A-11D0-8D11-00A0C91BC942}") = "C11Ex_05", "C11Ex_05\C11Ex_05.vcxproj", "{734322FB-7FBE-4D42-A79C-AA36BD58DA04}"
EndProject
Project("{8BC9CEB8-8B4A-11D0-8D11-00A0C91BC942}") = "C11Ex_07", "C11Ex_07\C11Ex_07.vcxproj", "{3CAE1236-7F92-45F2-BBFA-13929CAB63EE}"
EndProject
Project("{8BC9CEB8-8B4A-11D0-8D11-00A0C91BC942}") = "C11Ex_08", "C11Ex_08\C11Ex_08.vcxproj", "{025550A1-8884-4000-923B-7AF5F9047E6E}"
EndProject
Project("{8BC9CEB8-8B4A-11D0-8D11-00A0C91BC942}") = "C11Ex_09", "C11Ex_09\C11Ex_09.vcxproj", "{CE7C60D2-1CD7-4D94-B08C-67F5963E5E8D}"
EndProject
Project("{8BC9CEB8-8B4A-11D0-8D11-00A0C91BC942}") = "C11Ex_11", "C11Ex_11\C11Ex_11.vcxproj", "{86DDFBD9-1AF2-4C18-A8F3-00D1751DADE9}"
EndProject
Project("{8BC9CEB8-8B4A-11D0-8D11-00A0C91BC942}") = "C11Ex_12", "C11Ex_12\C11Ex_12.vcxproj", "{0610218B-F816-487D-9976-E77121085936}"
EndProject
Project("{2150E333-8FDC-42A3-9474-1A3956D46DE8}") = "Chapter_12", "Chapter_12", "{C9614614-114D-4A51-AB9D-38B8F3A7D6A1}"
EndProject
Project("{2150E333-8FDC-42A3-9474-1A3956D46DE8}") = "Exercise", "Exercise", "{4412A68C-B03B-4ADD-B683-BF6A10F51105}"
EndProject
Project("{2150E333-8FDC-42A3-9474-1A3956D46DE8}") = "Sample", "Sample", "{A3C7BDD6-6E6A-4F41-8ECD-A6555C663DAD}"
EndProject
Project("{8BC9CEB8-8B4A-11D0-8D11-00A0C91BC942}") = "TreeBillboards", "TreeBillboards\TreeBillboards.vcxproj", "{50B360B2-E800-4669-93DF-1B8ABFF2145E}"
EndProject
Project("{8BC9CEB8-8B4A-11D0-8D11-00A0C91BC942}") = "C12Ex_01", "C12Ex_01\C12Ex_01.vcxproj", "{F7469EB9-FC35-4DBE-A9C2-69C8349DF743}"
EndProject
Project("{8BC9CEB8-8B4A-11D0-8D11-00A0C91BC942}") = "C12Ex_02", "C12Ex_02\C12Ex_02.vcxproj", "{D08EA683-6643-4E14-B672-2E7E8E1B86C8}"
EndProject
Project("{8BC9CEB8-8B4A-11D0-8D11-00A0C91BC942}") = "C12Ex_03", "C12Ex_03\C12Ex_03.vcxproj", "{FA9EC92F-EC48-4E99-902B-5103ED2CFA12}"
EndProject
Project("{8BC9CEB8-8B4A-11D0-8D11-00A0C91BC942}") = "C12Ex_04", "C12Ex_04\C12Ex_04.vcxproj", "{8FCC555B-C2FB-47C6-BF91-1D0D5DE8BC10}"
EndProject
Project("{8BC9CEB8-8B4A-11D0-8D11-00A0C91BC942}") = "C12Ex_05", "C12Ex_05\C12Ex_05.vcxproj", "{DFEAB0CC-8BE7-43CF-8CCD-C1999BC967ED}"
EndProject
Project("{8BC9CEB8-8B4A-11D0-8D11-00A0C91BC942}") = "C12Ex_06", "C12Ex_06\C12Ex_06.vcxproj", "{227CD284-FC1D-417A-9D51-8B179D5CFC55}"
EndProject
Project("{8BC9CEB8-8B4A-11D0-8D11-00A0C91BC942}") = "C12Ex_07", "C12Ex_07\C12Ex_07.vcxproj", "{4007F0D9-6585-4C63-B8C8-1BA8E4B8ECF2}"
EndProject
Global
	GlobalSection(SolutionConfigurationPlatforms) = preSolution
		Debug|x64 = Debug|x64
		Debug|x86 = Debug|x86
		Release|x64 = Release|x64
		Release|x86 = Release|x86
	EndGlobalSection
	GlobalSection(ProjectConfigurationPlatforms) = postSolution
		{F389EB10-E804-4611-A79A-9590DBDF8BE5}.Debug|x64.ActiveCfg = Debug|x64
		{F389EB10-E804-4611-A79A-9590DBDF8BE5}.Debug|x64.Build.0 = Debug|x64
		{F389EB10-E804-4611-A79A-9590DBDF8BE5}.Debug|x86.ActiveCfg = Debug|Win32
		{F389EB10-E804-4611-A79A-9590DBDF8BE5}.Debug|x86.Build.0 = Debug|Win32
		{F389EB10-E804-4611-A79A-9590DBDF8BE5}.Release|x64.ActiveCfg = Release|x64
		{F389EB10-E804-4611-A79A-9590DBDF8BE5}.Release|x64.Build.0 = Release|x64
		{F389EB10-E804-4611-A79A-9590DBDF8BE5}.Release|x86.ActiveCfg = Release|Win32
		{F389EB10-E804-4611-A79A-9590DBDF8BE5}.Release|x86.Build.0 = Release|Win32
		{9265D7A4-5D9E-4B1E-8968-A22DFE980FE4}.Debug|x64.ActiveCfg = Debug|x64
		{9265D7A4-5D9E-4B1E-8968-A22DFE980FE4}.Debug|x64.Build.0 = Debug|x64
		{9265D7A4-5D9E-4B1E-8968-A22DFE980FE4}.Debug|x86.ActiveCfg = Debug|Win32
		{9265D7A4-5D9E-4B1E-8968-A22DFE980FE4}.Debug|x86.Build.0 = Debug|Win32
		{9265D7A4-5D9E-4B1E-8968-A22DFE980FE4}.Release|x64.ActiveCfg = Release|x64
		{9265D7A4-5D9E-4B1E-8968-A22DFE980FE4}.Release|x64.Build.0 = Release|x64
		{9265D7A4-5D9E-4B1E-8968-A22DFE980FE4}.Release|x86.ActiveCfg = Release|Win32
		{9265D7A4-5D9E-4B1E-8968-A22DFE980FE4}.Release|x86.Build.0 = Release|Win32
		{3F5DAC79-5231-48AC-B4DA-68575BBDAA54}.Debug|x64.ActiveCfg = Debug|x64
		{3F5DAC79-5231-48AC-B4DA-68575BBDAA54}.Debug|x64.Build.0 = Debug|x64
		{3F5DAC79-5231-48AC-B4DA-68575BBDAA54}.Debug|x86.ActiveCfg = Debug|Win32
		{3F5DAC79-5231-48AC-B4DA-68575BBDAA54}.Debug|x86.Build.0 = Debug|Win32
		{3F5DAC79-5231-48AC-B4DA-68575BBDAA54}.Release|x64.ActiveCfg = Release|x64
		{3F5DAC79-5231-48AC-B4DA-68575BBDAA54}.Release|x64.Build.0 = Release|x64
		{3F5DAC79-5231-48AC-B4DA-68575BBDAA54}.Release|x86.ActiveCfg = Release|Win32
		{3F5DAC79-5231-48AC-B4DA-68575BBDAA54}.Release|x86.Build.0 = Release|Win32
		{AE43D376-00FA-4D55-A14C-4C260F51C527}.Debug|x64.ActiveCfg = Debug|x64
		{AE43D376-00FA-4D55-A14C-4C260F51C527}.Debug|x64.Build.0 = Debug|x64
		{AE43D376-00FA-4D55-A14C-4C260F51C527}.Debug|x86.ActiveCfg = Debug|Win32
		{AE43D376-00FA-4D55-A14C-4C260F51C527}.Debug|x86.Build.0 = Debug|Win32
		{AE43D376-00FA-4D55-A14C-4C260F51C527}.Release|x64.ActiveCfg = Release|x64
		{AE43D376-00FA-4D55-A14C-4C260F51C527}.Release|x64.Build.0 = Release|x64
		{AE43D376-00FA-4D55-A14C-4C260F51C527}.Release|x86.ActiveCfg = Release|Win32
		{AE43D376-00FA-4D55-A14C-4C260F51C527}.Release|x86.Build.0 = Release|Win32
		{DFE19A94-8BD0-49CB-9972-908CF45BBD02}.Debug|x64.ActiveCfg = Debug|x64
		{DFE19A94-8BD0-49CB-9972-908CF45BBD02}.Debug|x64.Build.0 = Debug|x64
		{DFE19A94-8BD0-49CB-9972-908CF45BBD02}.Debug|x86.ActiveCfg = Debug|Win32
		{DFE19A94-8BD0-49CB-9972-908CF45BBD02}.Debug|x86.Build.0 = Debug|Win32
		{DFE19A94-8BD0-49CB-9972-908CF45BBD02}.Release|x64.ActiveCfg = Release|x64
		{DFE19A94-8BD0-49CB-9972-908CF45BBD02}.Release|x64.Build.0 = Release|x64
		{DFE19A94-8BD0-49CB-9972-908CF45BBD02}.Release|x86.ActiveCfg = Release|Win32
		{DFE19A94-8BD0-49CB-9972-908CF45BBD02}.Release|x86.Build.0 = Release|Win32
		{E376BFD6-BC91-47B8-A951-11E812A2C91F}.Debug|x64.ActiveCfg = Debug|x64
		{E376BFD6-BC91-47B8-A951-11E812A2C91F}.Debug|x64.Build.0 = Debug|x64
		{E376BFD6-BC91-47B8-A951-11E812A2C91F}.Debug|x86.ActiveCfg = Debug|Win32
		{E376BFD6-BC91-47B8-A951-11E812A2C91F}.Debug|x86.Build.0 = Debug|Win32
		{E376BFD6-BC91-47B8-A951-11E812A2C91F}.Release|x64.ActiveCfg = Release|x64
		{E376BFD6-BC91-47B8-A951-11E812A2C91F}.Release|x64.Build.0 = Release|x64
		{E376BFD6-BC91-47B8-A951-11E812A2C91F}.Release|x86.ActiveCfg = Release|Win32
		{E376BFD6-BC91-47B8-A951-11E812A2C91F}.Release|x86.Build.0 = Release|Win32
		{E99294CF-38B2-4C76-A153-7783176A2C14}.Debug|x64.ActiveCfg = Debug|x64
		{E99294CF-38B2-4C76-A153-7783176A2C14}.Debug|x64.Build.0 = Debug|x64
		{E99294CF-38B2-4C76-A153-7783176A2C14}.Debug|x86.ActiveCfg = Debug|Win32
		{E99294CF-38B2-4C76-A153-7783176A2C14}.Debug|x86.Build.0 = Debug|Win32
		{E99294CF-38B2-4C76-A153-7783176A2C14}.Release|x64.ActiveCfg = Release|x64
		{E99294CF-38B2-4C76-A153-7783176A2C14}.Release|x64.Build.0 = Release|x64
		{E99294CF-38B2-4C76-A153-7783176A2C14}.Release|x86.ActiveCfg = Release|Win32
		{E99294CF-38B2-4C76-A153-7783176A2C14}.Release|x86.Build.0 = Release|Win32
		{F7E8BE90-17B0-458E-A3E3-DC9802E6ED72}.Debug|x64.ActiveCfg = Debug|x64
		{F7E8BE90-17B0-458E-A3E3-DC9802E6ED72}.Debug|x64.Build.0 = Debug|x64
		{F7E8BE90-17B0-458E-A3E3-DC9802E6ED72}.Debug|x86.ActiveCfg = Debug|Win32
		{F7E8BE90-17B0-458E-A3E3-DC9802E6ED72}.Debug|x86.Build.0 = Debug|Win32
		{F7E8BE90-17B0-458E-A3E3-DC9802E6ED72}.Release|x64.ActiveCfg = Release|x64
		{F7E8BE90-17B0-458E-A3E3-DC9802E6ED72}.Release|x64.Build.0 = Release|x64
		{F7E8BE90-17B0-458E-A3E3-DC9802E6ED72}.Release|x86.ActiveCfg = Release|Win32
		{F7E8BE90-17B0-458E-A3E3-DC9802E6ED72}.Release|x86.Build.0 = Release|Win32
		{6E2F1739-B069-4F6F-B6DE-EB591F15B728}.Debug|x64.ActiveCfg = Debug|x64
		{6E2F1739-B069-4F6F-B6DE-EB591F15B728}.Debug|x64.Build.0 = Debug|x64
		{6E2F1739-B069-4F6F-B6DE-EB591F15B728}.Debug|x86.ActiveCfg = Debug|Win32
		{6E2F1739-B069-4F6F-B6DE-EB591F15B728}.Debug|x86.Build.0 = Debug|Win32
		{6E2F1739-B069-4F6F-B6DE-EB591F15B728}.Release|x64.ActiveCfg = Release|x64
		{6E2F1739-B069-4F6F-B6DE-EB591F15B728}.Release|x64.Build.0 = Release|x64
		{6E2F1739-B069-4F6F-B6DE-EB591F15B728}.Release|x86.ActiveCfg = Release|Win32
		{6E2F1739-B069-4F6F-B6DE-EB591F15B728}.Release|x86.Build.0 = Release|Win32
		{238AE5C9-B089-4B3E-A23B-1DAF881DBD44}.Debug|x64.ActiveCfg = Debug|x64
		{238AE5C9-B089-4B3E-A23B-1DAF881DBD44}.Debug|x64.Build.0 = Debug|x64
		{238AE5C9-B089-4B3E-A23B-1DAF881DBD44}.Debug|x86.ActiveCfg = Debug|Win32
		{238AE5C9-B089-4B3E-A23B-1DAF881DBD44}.Debug|x86.Build.0 = Debug|Win32
		{238AE5C9-B089-4B3E-A23B-1DAF881DBD44}.Release|x64.ActiveCfg = Release|x64
		{238AE5C9-B089-4B3E-A23B-1DAF881DBD44}.Release|x64.Build.0 = Release|x64
		{238AE5C9-B089-4B3E-A23B-1DAF881DBD44}.Release|x86.ActiveCfg = Release|Win32
		{238AE5C9-B089-4B3E-A23B-1DAF881DBD44}.Release|x86.Build.0 = Release|Win32
		{B98DBDD1-C02E-4AA3-93F2-177815C12F16}.Debug|x64.ActiveCfg = Debug|x64
		{B98DBDD1-C02E-4AA3-93F2-177815C12F16}.Debug|x64.Build.0 = Debug|x64
		{B98DBDD1-C02E-4AA3-93F2-177815C12F16}.Debug|x86.ActiveCfg = Debug|Win32
		{B98DBDD1-C02E-4AA3-93F2-177815C12F16}.Debug|x86.Build.0 = Debug|Win32
		{B98DBDD1-C02E-4AA3-93F2-177815C12F16}.Release|x64.ActiveCfg = Release|x64
		{B98DBDD1-C02E-4AA3-93F2-177815C12F16}.Release|x64.Build.0 = Release|x64
		{B98DBDD1-C02E-4AA3-93F2-177815C12F16}.Release|x86.ActiveCfg = Release|Win32
		{B98DBDD1-C02E-4AA3-93F2-177815C12F16}.Release|x86.Build.0 = Release|Win32
		{F962DA0A-074D-49E0-AF07-7D7871E74889}.Debug|x64.ActiveCfg = Debug|x64
		{F962DA0A-074D-49E0-AF07-7D7871E74889}.Debug|x64.Build.0 = Debug|x64
		{F962DA0A-074D-49E0-AF07-7D7871E74889}.Debug|x86.ActiveCfg = Debug|Win32
		{F962DA0A-074D-49E0-AF07-7D7871E74889}.Debug|x86.Build.0 = Debug|Win32
		{F962DA0A-074D-49E0-AF07-7D7871E74889}.Release|x64.ActiveCfg = Release|x64
		{F962DA0A-074D-49E0-AF07-7D7871E74889}.Release|x64.Build.0 = Release|x64
		{F962DA0A-074D-49E0-AF07-7D7871E74889}.Release|x86.ActiveCfg = Release|Win32
		{F962DA0A-074D-49E0-AF07-7D7871E74889}.Release|x86.Build.0 = Release|Win32
		{F7312EF4-B19D-4B40-AC14-168A39128FE0}.Debug|x64.ActiveCfg = Debug|x64
		{F7312EF4-B19D-4B40-AC14-168A39128FE0}.Debug|x64.Build.0 = Debug|x64
		{F7312EF4-B19D-4B40-AC14-168A39128FE0}.Debug|x86.ActiveCfg = Debug|Win32
		{F7312EF4-B19D-4B40-AC14-168A39128FE0}.Debug|x86.Build.0 = Debug|Win32
		{F7312EF4-B19D-4B40-AC14-168A39128FE0}.Release|x64.ActiveCfg = Release|x64
		{F7312EF4-B19D-4B40-AC14-168A39128FE0}.Release|x64.Build.0 = Release|x64
		{F7312EF4-B19D-4B40-AC14-168A39128FE0}.Release|x86.ActiveCfg = Release|Win32
		{F7312EF4-B19D-4B40-AC14-168A39128FE0}.Release|x86.Build.0 = Release|Win32
		{66FC2640-F525-494F-BA35-9C182973D1C0}.Debug|x64.ActiveCfg = Debug|x64
		{66FC2640-F525-494F-BA35-9C182973D1C0}.Debug|x64.Build.0 = Debug|x64
		{66FC2640-F525-494F-BA35-9C182973D1C0}.Debug|x86.ActiveCfg = Debug|Win32
		{66FC2640-F525-494F-BA35-9C182973D1C0}.Debug|x86.Build.0 = Debug|Win32
		{66FC2640-F525-494F-BA35-9C182973D1C0}.Release|x64.ActiveCfg = Release|x64
		{66FC2640-F525-494F-BA35-9C182973D1C0}.Release|x64.Build.0 = Release|x64
		{66FC2640-F525-494F-BA35-9C182973D1C0}.Release|x86.ActiveCfg = Release|Win32
		{66FC2640-F525-494F-BA35-9C182973D1C0}.Release|x86.Build.0 = Release|Win32
		{84B6A1A3-37AB-489D-B78B-5DFF3314DC2B}.Debug|x64.ActiveCfg = Debug|x64
		{84B6A1A3-37AB-489D-B78B-5DFF3314DC2B}.Debug|x64.Build.0 = Debug|x64
		{84B6A1A3-37AB-489D-B78B-5DFF3314DC2B}.Debug|x86.ActiveCfg = Debug|Win32
		{84B6A1A3-37AB-489D-B78B-5DFF3314DC2B}.Debug|x86.Build.0 = Debug|Win32
		{84B6A1A3-37AB-489D-B78B-5DFF3314DC2B}.Release|x64.ActiveCfg = Release|x64
		{84B6A1A3-37AB-489D-B78B-5DFF3314DC2B}.Release|x64.Build.0 = Release|x64
		{84B6A1A3-37AB-489D-B78B-5DFF3314DC2B}.Release|x86.ActiveCfg = Release|Win32
		{84B6A1A3-37AB-489D-B78B-5DFF3314DC2B}.Release|x86.Build.0 = Release|Win32
		{C663F8C5-DDB3-4A5C-B675-DFE4041368D8}.Debug|x64.ActiveCfg = Debug|x64
		{C663F8C5-DDB3-4A5C-B675-DFE4041368D8}.Debug|x64.Build.0 = Debug|x64
		{C663F8C5-DDB3-4A5C-B675-DFE4041368D8}.Debug|x86.ActiveCfg = Debug|Win32
		{C663F8C5-DDB3-4A5C-B675-DFE4041368D8}.Debug|x86.Build.0 = Debug|Win32
		{C663F8C5-DDB3-4A5C-B675-DFE4041368D8}.Release|x64.ActiveCfg = Release|x64
		{C663F8C5-DDB3-4A5C-B675-DFE4041368D8}.Release|x64.Build.0 = Release|x64
		{C663F8C5-DDB3-4A5C-B675-DFE4041368D8}.Release|x86.ActiveCfg = Release|Win32
		{C663F8C5-DDB3-4A5C-B675-DFE4041368D8}.Release|x86.Build.0 = Release|Win32
		{E1C90778-30E8-4D9E-90A3-5C8247AE1E32}.Debug|x64.ActiveCfg = Debug|x64
		{E1C90778-30E8-4D9E-90A3-5C8247AE1E32}.Debug|x64.Build.0 = Debug|x64
		{E1C90778-30E8-4D9E-90A3-5C8247AE1E32}.Debug|x86.ActiveCfg = Debug|Win32
		{E1C90778-30E8-4D9E-90A3-5C8247AE1E32}.Debug|x86.Build.0 = Debug|Win32
		{E1C90778-30E8-4D9E-90A3-5C8247AE1E32}.Release|x64.ActiveCfg = Release|x64
		{E1C90778-30E8-4D9E-90A3-5C8247AE1E32}.Release|x64.Build.0 = Release|x64
		{E1C90778-30E8-4D9E-90A3-5C8247AE1E32}.Release|x86.ActiveCfg = Release|Win32
		{E1C90778-30E8-4D9E-90A3-5C8247AE1E32}.Release|x86.Build.0 = Release|Win32
		{DAD53909-798A-45B3-95FE-ACB7E04BE170}.Debug|x64.ActiveCfg = Debug|x64
		{DAD53909-798A-45B3-95FE-ACB7E04BE170}.Debug|x64.Build.0 = Debug|x64
		{DAD53909-798A-45B3-95FE-ACB7E04BE170}.Debug|x86.ActiveCfg = Debug|Win32
		{DAD53909-798A-45B3-95FE-ACB7E04BE170}.Debug|x86.Build.0 = Debug|Win32
		{DAD53909-798A-45B3-95FE-ACB7E04BE170}.Release|x64.ActiveCfg = Release|x64
		{DAD53909-798A-45B3-95FE-ACB7E04BE170}.Release|x64.Build.0 = Release|x64
		{DAD53909-798A-45B3-95FE-ACB7E04BE170}.Release|x86.ActiveCfg = Release|Win32
		{DAD53909-798A-45B3-95FE-ACB7E04BE170}.Release|x86.Build.0 = Release|Win32
		{45C79AB4-3208-49C9-8C30-B3DACA1C0D86}.Debug|x64.ActiveCfg = Debug|x64
		{45C79AB4-3208-49C9-8C30-B3DACA1C0D86}.Debug|x64.Build.0 = Debug|x64
		{45C79AB4-3208-49C9-8C30-B3DACA1C0D86}.Debug|x86.ActiveCfg = Debug|Win32
		{45C79AB4-3208-49C9-8C30-B3DACA1C0D86}.Debug|x86.Build.0 = Debug|Win32
		{45C79AB4-3208-49C9-8C30-B3DACA1C0D86}.Release|x64.ActiveCfg = Release|x64
		{45C79AB4-3208-49C9-8C30-B3DACA1C0D86}.Release|x64.Build.0 = Release|x64
		{45C79AB4-3208-49C9-8C30-B3DACA1C0D86}.Release|x86.ActiveCfg = Release|Win32
		{45C79AB4-3208-49C9-8C30-B3DACA1C0D86}.Release|x86.Build.0 = Release|Win32
		{114921E6-E5A4-4784-A320-C6535568D926}.Debug|x64.ActiveCfg = Debug|x64
		{114921E6-E5A4-4784-A320-C6535568D926}.Debug|x64.Build.0 = Debug|x64
		{114921E6-E5A4-4784-A320-C6535568D926}.Debug|x86.ActiveCfg = Debug|Win32
		{114921E6-E5A4-4784-A320-C6535568D926}.Debug|x86.Build.0 = Debug|Win32
		{114921E6-E5A4-4784-A320-C6535568D926}.Release|x64.ActiveCfg = Release|x64
		{114921E6-E5A4-4784-A320-C6535568D926}.Release|x64.Build.0 = Release|x64
		{114921E6-E5A4-4784-A320-C6535568D926}.Release|x86.ActiveCfg = Release|Win32
		{114921E6-E5A4-4784-A320-C6535568D926}.Release|x86.Build.0 = Release|Win32
		{D3B5AEE9-2680-4AD9-947E-F6D0CF9AEA74}.Debug|x64.ActiveCfg = Debug|x64
		{D3B5AEE9-2680-4AD9-947E-F6D0CF9AEA74}.Debug|x64.Build.0 = Debug|x64
		{D3B5AEE9-2680-4AD9-947E-F6D0CF9AEA74}.Debug|x86.ActiveCfg = Debug|Win32
		{D3B5AEE9-2680-4AD9-947E-F6D0CF9AEA74}.Debug|x86.Build.0 = Debug|Win32
		{D3B5AEE9-2680-4AD9-947E-F6D0CF9AEA74}.Release|x64.ActiveCfg = Release|x64
		{D3B5AEE9-2680-4AD9-947E-F6D0CF9AEA74}.Release|x64.Build.0 = Release|x64
		{D3B5AEE9-2680-4AD9-947E-F6D0CF9AEA74}.Release|x86.ActiveCfg = Release|Win32
		{D3B5AEE9-2680-4AD9-947E-F6D0CF9AEA74}.Release|x86.Build.0 = Release|Win32
		{D083956B-52D1-4FD0-B0FF-E823BB3FFD72}.Debug|x64.ActiveCfg = Debug|x64
		{D083956B-52D1-4FD0-B0FF-E823BB3FFD72}.Debug|x64.Build.0 = Debug|x64
		{D083956B-52D1-4FD0-B0FF-E823BB3FFD72}.Debug|x86.ActiveCfg = Debug|Win32
		{D083956B-52D1-4FD0-B0FF-E823BB3FFD72}.Debug|x86.Build.0 = Debug|Win32
		{D083956B-52D1-4FD0-B0FF-E823BB3FFD72}.Release|x64.ActiveCfg = Release|x64
		{D083956B-52D1-4FD0-B0FF-E823BB3FFD72}.Release|x64.Build.0 = Release|x64
		{D083956B-52D1-4FD0-B0FF-E823BB3FFD72}.Release|x86.ActiveCfg = Release|Win32
		{D083956B-52D1-4FD0-B0FF-E823BB3FFD72}.Release|x86.Build.0 = Release|Win32
		{81B44EA3-BBD5-4B15-BA39-41EDE77F4C2D}.Debug|x64.ActiveCfg = Debug|x64
		{81B44EA3-BBD5-4B15-BA39-41EDE77F4C2D}.Debug|x64.Build.0 = Debug|x64
		{81B44EA3-BBD5-4B15-BA39-41EDE77F4C2D}.Debug|x86.ActiveCfg = Debug|Win32
		{81B44EA3-BBD5-4B15-BA39-41EDE77F4C2D}.Debug|x86.Build.0 = Debug|Win32
		{81B44EA3-BBD5-4B15-BA39-41EDE77F4C2D}.Release|x64.ActiveCfg = Release|x64
		{81B44EA3-BBD5-4B15-BA39-41EDE77F4C2D}.Release|x64.Build.0 = Release|x64
		{81B44EA3-BBD5-4B15-BA39-41EDE77F4C2D}.Release|x86.ActiveCfg = Release|Win32
		{81B44EA3-BBD5-4B15-BA39-41EDE77F4C2D}.Release|x86.Build.0 = Release|Win32
		{0F1DB3E3-3CFA-41A8-B4FB-4B6683378C7E}.Debug|x64.ActiveCfg = Debug|x64
		{0F1DB3E3-3CFA-41A8-B4FB-4B6683378C7E}.Debug|x64.Build.0 = Debug|x64
		{0F1DB3E3-3CFA-41A8-B4FB-4B6683378C7E}.Debug|x86.ActiveCfg = Debug|Win32
		{0F1DB3E3-3CFA-41A8-B4FB-4B6683378C7E}.Debug|x86.Build.0 = Debug|Win32
		{0F1DB3E3-3CFA-41A8-B4FB-4B6683378C7E}.Release|x64.ActiveCfg = Release|x64
		{0F1DB3E3-3CFA-41A8-B4FB-4B6683378C7E}.Release|x64.Build.0 = Release|x64
		{0F1DB3E3-3CFA-41A8-B4FB-4B6683378C7E}.Release|x86.ActiveCfg = Release|Win32
		{0F1DB3E3-3CFA-41A8-B4FB-4B6683378C7E}.Release|x86.Build.0 = Release|Win32
		{AF73CEBE-AAB4-4BF5-97D7-F7D1CF7AF933}.Debug|x64.ActiveCfg = Debug|x64
		{AF73CEBE-AAB4-4BF5-97D7-F7D1CF7AF933}.Debug|x64.Build.0 = Debug|x64
		{AF73CEBE-AAB4-4BF5-97D7-F7D1CF7AF933}.Debug|x86.ActiveCfg = Debug|Win32
		{AF73CEBE-AAB4-4BF5-97D7-F7D1CF7AF933}.Debug|x86.Build.0 = Debug|Win32
		{AF73CEBE-AAB4-4BF5-97D7-F7D1CF7AF933}.Release|x64.ActiveCfg = Release|x64
		{AF73CEBE-AAB4-4BF5-97D7-F7D1CF7AF933}.Release|x64.Build.0 = Release|x64
		{AF73CEBE-AAB4-4BF5-97D7-F7D1CF7AF933}.Release|x86.ActiveCfg = Release|Win32
		{AF73CEBE-AAB4-4BF5-97D7-F7D1CF7AF933}.Release|x86.Build.0 = Release|Win32
		{1B771E99-7823-44E1-98CE-28F2332EF344}.Debug|x64.ActiveCfg = Debug|x64
		{1B771E99-7823-44E1-98CE-28F2332EF344}.Debug|x64.Build.0 = Debug|x64
		{1B771E99-7823-44E1-98CE-28F2332EF344}.Debug|x86.ActiveCfg = Debug|Win32
		{1B771E99-7823-44E1-98CE-28F2332EF344}.Debug|x86.Build.0 = Debug|Win32
		{1B771E99-7823-44E1-98CE-28F2332EF344}.Release|x64.ActiveCfg = Release|x64
		{1B771E99-7823-44E1-98CE-28F2332EF344}.Release|x64.Build.0 = Release|x64
		{1B771E99-7823-44E1-98CE-28F2332EF344}.Release|x86.ActiveCfg = Release|Win32
		{1B771E99-7823-44E1-98CE-28F2332EF344}.Release|x86.Build.0 = Release|Win32
		{ABD08A8D-C878-4FA9-B54B-CF4E3F91FBD9}.Debug|x64.ActiveCfg = Debug|x64
		{ABD08A8D-C878-4FA9-B54B-CF4E3F91FBD9}.Debug|x64.Build.0 = Debug|x64
		{ABD08A8D-C878-4FA9-B54B-CF4E3F91FBD9}.Debug|x86.ActiveCfg = Debug|Win32
		{ABD08A8D-C878-4FA9-B54B-CF4E3F91FBD9}.Debug|x86.Build.0 = Debug|Win32
		{ABD08A8D-C878-4FA9-B54B-CF4E3F91FBD9}.Release|x64.ActiveCfg = Release|x64
		{ABD08A8D-C878-4FA9-B54B-CF4E3F91FBD9}.Release|x64.Build.0 = Release|x64
		{ABD08A8D-C878-4FA9-B54B-CF4E3F91FBD9}.Release|x86.ActiveCfg = Release|Win32
		{ABD08A8D-C878-4FA9-B54B-CF4E3F91FBD9}.Release|x86.Build.0 = Release|Win32
		{E2DE06AD-0547-40C9-9413-5CC23559358B}.Debug|x64.ActiveCfg = Debug|x64
		{E2DE06AD-0547-40C9-9413-5CC23559358B}.Debug|x64.Build.0 = Debug|x64
		{E2DE06AD-0547-40C9-9413-5CC23559358B}.Debug|x86.ActiveCfg = Debug|Win32
		{E2DE06AD-0547-40C9-9413-5CC23559358B}.Debug|x86.Build.0 = Debug|Win32
		{E2DE06AD-0547-40C9-9413-5CC23559358B}.Release|x64.ActiveCfg = Release|x64
		{E2DE06AD-0547-40C9-9413-5CC23559358B}.Release|x64.Build.0 = Release|x64
		{E2DE06AD-0547-40C9-9413-5CC23559358B}.Release|x86.ActiveCfg = Release|Win32
		{E2DE06AD-0547-40C9-9413-5CC23559358B}.Release|x86.Build.0 = Release|Win32
		{13D6BEB5-E72A-4A31-8D17-208359A3B119}.Debug|x64.ActiveCfg = Debug|x64
		{13D6BEB5-E72A-4A31-8D17-208359A3B119}.Debug|x64.Build.0 = Debug|x64
		{13D6BEB5-E72A-4A31-8D17-208359A3B119}.Debug|x86.ActiveCfg = Debug|Win32
		{13D6BEB5-E72A-4A31-8D17-208359A3B119}.Debug|x86.Build.0 = Debug|Win32
		{13D6BEB5-E72A-4A31-8D17-208359A3B119}.Release|x64.ActiveCfg = Release|x64
		{13D6BEB5-E72A-4A31-8D17-208359A3B119}.Release|x64.Build.0 = Release|x64
		{13D6BEB5-E72A-4A31-8D17-208359A3B119}.Release|x86.ActiveCfg = Release|Win32
		{13D6BEB5-E72A-4A31-8D17-208359A3B119}.Release|x86.Build.0 = Release|Win32
		{A01F7FE7-7016-401E-921B-39F2001013BE}.Debug|x64.ActiveCfg = Debug|x64
		{A01F7FE7-7016-401E-921B-39F2001013BE}.Debug|x64.Build.0 = Debug|x64
		{A01F7FE7-7016-401E-921B-39F2001013BE}.Debug|x86.ActiveCfg = Debug|Win32
		{A01F7FE7-7016-401E-921B-39F2001013BE}.Debug|x86.Build.0 = Debug|Win32
		{A01F7FE7-7016-401E-921B-39F2001013BE}.Release|x64.ActiveCfg = Release|x64
		{A01F7FE7-7016-401E-921B-39F2001013BE}.Release|x64.Build.0 = Release|x64
		{A01F7FE7-7016-401E-921B-39F2001013BE}.Release|x86.ActiveCfg = Release|Win32
		{A01F7FE7-7016-401E-921B-39F2001013BE}.Release|x86.Build.0 = Release|Win32
		{9E9C1605-77D2-419F-9068-6AF44A919C82}.Debug|x64.ActiveCfg = Debug|x64
		{9E9C1605-77D2-419F-9068-6AF44A919C82}.Debug|x64.Build.0 = Debug|x64
		{9E9C1605-77D2-419F-9068-6AF44A919C82}.Debug|x86.ActiveCfg = Debug|Win32
		{9E9C1605-77D2-419F-9068-6AF44A919C82}.Debug|x86.Build.0 = Debug|Win32
		{9E9C1605-77D2-419F-9068-6AF44A919C82}.Release|x64.ActiveCfg = Release|x64
		{9E9C1605-77D2-419F-9068-6AF44A919C82}.Release|x64.Build.0 = Release|x64
		{9E9C1605-77D2-419F-9068-6AF44A919C82}.Release|x86.ActiveCfg = Release|Win32
		{9E9C1605-77D2-419F-9068-6AF44A919C82}.Release|x86.Build.0 = Release|Win32
		{19EB34A7-6ADD-4F4A-BD0A-B5F96615930B}.Debug|x64.ActiveCfg = Debug|x64
		{19EB34A7-6ADD-4F4A-BD0A-B5F96615930B}.Debug|x64.Build.0 = Debug|x64
		{19EB34A7-6ADD-4F4A-BD0A-B5F96615930B}.Debug|x86.ActiveCfg = Debug|Win32
		{19EB34A7-6ADD-4F4A-BD0A-B5F96615930B}.Debug|x86.Build.0 = Debug|Win32
		{19EB34A7-6ADD-4F4A-BD0A-B5F96615930B}.Release|x64.ActiveCfg = Release|x64
		{19EB34A7-6ADD-4F4A-BD0A-B5F96615930B}.Release|x64.Build.0 = Release|x64
		{19EB34A7-6ADD-4F4A-BD0A-B5F96615930B}.Release|x86.ActiveCfg = Release|Win32
		{19EB34A7-6ADD-4F4A-BD0A-B5F96615930B}.Release|x86.Build.0 = Release|Win32
		{38E205D2-2CDC-4C2A-9331-44F6D04EF0F8}.Debug|x64.ActiveCfg = Debug|x64
		{38E205D2-2CDC-4C2A-9331-44F6D04EF0F8}.Debug|x64.Build.0 = Debug|x64
		{38E205D2-2CDC-4C2A-9331-44F6D04EF0F8}.Debug|x86.ActiveCfg = Debug|Win32
		{38E205D2-2CDC-4C2A-9331-44F6D04EF0F8}.Debug|x86.Build.0 = Debug|Win32
		{38E205D2-2CDC-4C2A-9331-44F6D04EF0F8}.Release|x64.ActiveCfg = Release|x64
		{38E205D2-2CDC-4C2A-9331-44F6D04EF0F8}.Release|x64.Build.0 = Release|x64
		{38E205D2-2CDC-4C2A-9331-44F6D04EF0F8}.Release|x86.ActiveCfg = Release|Win32
		{38E205D2-2CDC-4C2A-9331-44F6D04EF0F8}.Release|x86.Build.0 = Release|Win32
		{734322FB-7FBE-4D42-A79C-AA36BD58DA04}.Debug|x64.ActiveCfg = Debug|x64
		{734322FB-7FBE-4D42-A79C-AA36BD58DA04}.Debug|x64.Build.0 = Debug|x64
		{734322FB-7FBE-4D42-A79C-AA36BD58DA04}.Debug|x86.ActiveCfg = Debug|Win32
		{734322FB-7FBE-4D42-A79C-AA36BD58DA04}.Debug|x86.Build.0 = Debug|Win32
		{734322FB-7FBE-4D42-A79C-AA36BD58DA04}.Release|x64.ActiveCfg = Release|x64
		{734322FB-7FBE-4D42-A79C-AA36BD58DA04}.Release|x64.Build.0 = Release|x64
		{734322FB-7FBE-4D42-A79C-AA36BD58DA04}.Release|x86.ActiveCfg = Release|Win32
		{734322FB-7FBE-4D42-A79C-AA36BD58DA04}.Release|x86.Build.0 = Release|Win32
		{3CAE1236-7F92-45F2-BBFA-13929CAB63EE}.Debug|x64.ActiveCfg = Debug|x64
		{3CAE1236-7F92-45F2-BBFA-13929CAB63EE}.Debug|x64.Build.0 = Debug|x64
		{3CAE1236-7F92-45F2-BBFA-13929CAB63EE}.Debug|x86.ActiveCfg = Debug|Win32
		{3CAE1236-7F92-45F2-BBFA-13929CAB63EE}.Debug|x86.Build.0 = Debug|Win32
		{3CAE1236-7F92-45F2-BBFA-13929CAB63EE}.Release|x64.ActiveCfg = Release|x64
		{3CAE1236-7F92-45F2-BBFA-13929CAB63EE}.Release|x64.Build.0 = Release|x64
		{3CAE1236-7F92-45F2-BBFA-13929CAB63EE}.Release|x86.ActiveCfg = Release|Win32
		{3CAE1236-7F92-45F2-BBFA-13929CAB63EE}.Release|x86.Build.0 = Release|Win32
		{025550A1-8884-4000-923B-7AF5F9047E6E}.Debug|x64.ActiveCfg = Debug|x64
		{025550A1-8884-4000-923B-7AF5F9047E6E}.Debug|x64.Build.0 = Debug|x64
		{025550A1-8884-4000-923B-7AF5F9047E6E}.Debug|x86.ActiveCfg = Debug|Win32
		{025550A1-8884-4000-923B-7AF5F9047E6E}.Debug|x86.Build.0 = Debug|Win32
		{025550A1-8884-4000-923B-7AF5F9047E6E}.Release|x64.ActiveCfg = Release|x64
		{025550A1-8884-4000-923B-7AF5F9047E6E}.Release|x64.Build.0 = Release|x64
		{025550A1-8884-4000-923B-7AF5F9047E6E}.Release|x86.ActiveCfg = Release|Win32
		{025550A1-8884-4000-923B-7AF5F9047E6E}.Release|x86.Build.0 = Release|Win32
		{CE7C60D2-1CD7-4D94-B08C-67F5963E5E8D}.Debug|x64.ActiveCfg = Debug|x64
		{CE7C60D2-1CD7-4D94-B08C-67F5963E5E8D}.Debug|x64.Build.0 = Debug|x64
		{CE7C60D2-1CD7-4D94-B08C-67F5963E5E8D}.Debug|x86.ActiveCfg = Debug|Win32
		{CE7C60D2-1CD7-4D94-B08C-67F5963E5E8D}.Debug|x86.Build.0 = Debug|Win32
		{CE7C60D2-1CD7-4D94-B08C-67F5963E5E8D}.Release|x64.ActiveCfg = Release|x64
		{CE7C60D2-1CD7-4D94-B08C-67F5963E5E8D}.Release|x64.Build.0 = Release|x64
		{CE7C60D2-1CD7-4D94-B08C-67F5963E5E8D}.Release|x86.ActiveCfg = Release|Win32
		{CE7C60D2-1CD7-4D94-B08C-67F5963E5E8D}.Release|x86.Build.0 = Release|Win32
		{86DDFBD9-1AF2-4C18-A8F3-00D1751DADE9}.Debug|x64.ActiveCfg = Debug|x64
		{86DDFBD9-1AF2-4C18-A8F3-00D1751DADE9}.Debug|x64.Build.0 = Debug|x64
		{86DDFBD9-1AF2-4C18-A8F3-00D1751DADE9}.Debug|x86.ActiveCfg = Debug|Win32
		{86DDFBD9-1AF2-4C18-A8F3-00D1751DADE9}.Debug|x86.Build.0 = Debug|Win32
		{86DDFBD9-1AF2-4C18-A8F3-00D1751DADE9}.Release|x64.ActiveCfg = Release|x64
		{86DDFBD9-1AF2-4C18-A8F3-00D1751DADE9}.Release|x64.Build.0 = Release|x64
		{86DDFBD9-1AF2-4C18-A8F3-00D1751DADE9}.Release|x86.ActiveCfg = Release|Win32
		{86DDFBD9-1AF2-4C18-A8F3-00D1751DADE9}.Release|x86.Build.0 = Release|Win32
		{0610218B-F816-487D-9976-E77121085936}.Debug|x64.ActiveCfg = Debug|x64
		{0610218B-F816-487D-9976-E77121085936}.Debug|x64.Build.0 = Debug|x64
		{0610218B-F816-487D-9976-E77121085936}.Debug|x86.ActiveCfg = Debug|Win32
		{0610218B-F816-487D-9976-E77121085936}.Debug|x86.Build.0 = Debug|Win32
		{0610218B-F816-487D-9976-E77121085936}.Release|x64.ActiveCfg = Release|x64
		{0610218B-F816-487D-9976-E77121085936}.Release|x64.Build.0 = Release|x64
		{0610218B-F816-487D-9976-E77121085936}.Release|x86.ActiveCfg = Release|Win32
		{0610218B-F816-487D-9976-E77121085936}.Release|x86.Build.0 = Release|Win32
		{50B360B2-E800-4669-93DF-1B8ABFF2145E}.Debug|x64.ActiveCfg = Debug|x64
		{50B360B2-E800-4669-93DF-1B8ABFF2145E}.Debug|x64.Build.0 = Debug|x64
		{50B360B2-E800-4669-93DF-1B8ABFF2145E}.Debug|x86.ActiveCfg = Debug|Win32
		{50B360B2-E800-4669-93DF-1B8ABFF2145E}.Debug|x86.Build.0 = Debug|Win32
		{50B360B2-E800-4669-93DF-1B8ABFF2145E}.Release|x64.ActiveCfg = Release|x64
		{50B360B2-E800-4669-93DF-1B8ABFF2145E}.Release|x64.Build.0 = Release|x64
		{50B360B2-E800-4669-93DF-1B8ABFF2145E}.Release|x86.ActiveCfg = Release|Win32
		{50B360B2-E800-4669-93DF-1B8ABFF2145E}.Release|x86.Build.0 = Release|Win32
		{F7469EB9-FC35-4DBE-A9C2-69C8349DF743}.Debug|x64.ActiveCfg = Debug|x64
		{F7469EB9-FC35-4DBE-A9C2-69C8349DF743}.Debug|x64.Build.0 = Debug|x64
		{F7469EB9-FC35-4DBE-A9C2-69C8349DF743}.Debug|x86.ActiveCfg = Debug|Win32
		{F7469EB9-FC35-4DBE-A9C2-69C8349DF743}.Debug|x86.Build.0 = Debug|Win32
		{F7469EB9-FC35-4DBE-A9C2-69C8349DF743}.Release|x64.ActiveCfg = Release|x64
		{F7469EB9-FC35-4DBE-A9C2-69C8349DF743}.Release|x64.Build.0 = Release|x64
		{F7469EB9-FC35-4DBE-A9C2-69C8349DF743}.Release|x86.ActiveCfg = Release|Win32
		{F7469EB9-FC35-4DBE-A9C2-69C8349DF743}.Release|x86.Build.0 = Release|Win32
		{D08EA683-6643-4E14-B672-2E7E8E1B86C8}.Debug|x64.ActiveCfg = Debug|x64
		{D08EA683-6643-4E14-B672-2E7E8E1B86C8}.Debug|x64.Build.0 = Debug|x64
		{D08EA683-6643-4E14-B672-2E7E8E1B86C8}.Debug|x86.ActiveCfg = Debug|Win32
		{D08EA683-6643-4E14-B672-2E7E8E1B86C8}.Debug|x86.Build.0 = Debug|Win32
		{D08EA683-6643-4E14-B672-2E7E8E1B86C8}.Release|x64.ActiveCfg = Release|x64
		{D08EA683-6643-4E14-B672-2E7E8E1B86C8}.Release|x64.Build.0 = Release|x64
		{D08EA683-6643-4E14-B672-2E7E8E1B86C8}.Release|x86.ActiveCfg = Release|Win32
		{D08EA683-6643-4E14-B672-2E7E8E1B86C8}.Release|x86.Build.0 = Release|Win32
		{FA9EC92F-EC48-4E99-902B-5103ED2CFA12}.Debug|x64.ActiveCfg = Debug|x64
		{FA9EC92F-EC48-4E99-902B-5103ED2CFA12}.Debug|x64.Build.0 = Debug|x64
		{FA9EC92F-EC48-4E99-902B-5103ED2CFA12}.Debug|x86.ActiveCfg = Debug|Win32
		{FA9EC92F-EC48-4E99-902B-5103ED2CFA12}.Debug|x86.Build.0 = Debug|Win32
		{FA9EC92F-EC48-4E99-902B-5103ED2CFA12}.Release|x64.ActiveCfg = Release|x64
		{FA9EC92F-EC48-4E99-902B-5103ED2CFA12}.Release|x64.Build.0 = Release|x64
		{FA9EC92F-EC48-4E99-902B-5103ED2CFA12}.Release|x86.ActiveCfg = Release|Win32
		{FA9EC92F-EC48-4E99-902B-5103ED2CFA12}.Release|x86.Build.0 = Release|Win32
		{8FCC555B-C2FB-47C6-BF91-1D0D5DE8BC10}.Debug|x64.ActiveCfg = Debug|x64
		{8FCC555B-C2FB-47C6-BF91-1D0D5DE8BC10}.Debug|x64.Build.0 = Debug|x64
		{8FCC555B-C2FB-47C6-BF91-1D0D5DE8BC10}.Debug|x86.ActiveCfg = Debug|Win32
		{8FCC555B-C2FB-47C6-BF91-1D0D5DE8BC10}.Debug|x86.Build.0 = Debug|Win32
		{8FCC555B-C2FB-47C6-BF91-1D0D5DE8BC10}.Release|x64.ActiveCfg = Release|x64
		{8FCC555B-C2FB-47C6-BF91-1D0D5DE8BC10}.Release|x64.Build.0 = Release|x64
		{8FCC555B-C2FB-47C6-BF91-1D0D5DE8BC10}.Release|x86.ActiveCfg = Release|Win32
		{8FCC555B-C2FB-47C6-BF91-1D0D5DE8BC10}.Release|x86.Build.0 = Release|Win32
		{DFEAB0CC-8BE7-43CF-8CCD-C1999BC967ED}.Debug|x64.ActiveCfg = Debug|x64
		{DFEAB0CC-8BE7-43CF-8CCD-C1999BC967ED}.Debug|x64.Build.0 = Debug|x64
		{DFEAB0CC-8BE7-43CF-8CCD-C1999BC967ED}.Debug|x86.ActiveCfg = Debug|Win32
		{DFEAB0CC-8BE7-43CF-8CCD-C1999BC967ED}.Debug|x86.Build.0 = Debug|Win32
		{DFEAB0CC-8BE7-43CF-8CCD-C1999BC967ED}.Release|x64.ActiveCfg = Release|x64
		{DFEAB0CC-8BE7-43CF-8CCD-C1999BC967ED}.Release|x64.Build.0 = Release|x64
		{DFEAB0CC-8BE7-43CF-8CCD-C1999BC967ED}.Release|x86.ActiveCfg = Release|Win32
		{DFEAB0CC-8BE7-43CF-8CCD-C1999BC967ED}.Release|x86.Build.0 = Release|Win32
		{227CD284-FC1D-417A-9D51-8B179D5CFC55}.Debug|x64.ActiveCfg = Debug|x64
		{227CD284-FC1D-417A-9D51-8B179D5CFC55}.Debug|x64.Build.0 = Debug|x64
		{227CD284-FC1D-417A-9D51-8B179D5CFC55}.Debug|x86.ActiveCfg = Debug|Win32
		{227CD284-FC1D-417A-9D51-8B179D5CFC55}.Debug|x86.Build.0 = Debug|Win32
		{227CD284-FC1D-417A-9D51-8B179D5CFC55}.Release|x64.ActiveCfg = Release|x64
		{227CD284-FC1D-417A-9D51-8B179D5CFC55}.Release|x64.Build.0 = Release|x64
		{227CD284-FC1D-417A-9D51-8B179D5CFC55}.Release|x86.ActiveCfg = Release|Win32
		{227CD284-FC1D-417A-9D51-8B179D5CFC55}.Release|x86.Build.0 = Release|Win32
		{4007F0D9-6585-4C63-B8C8-1BA8E4B8ECF2}.Debug|x64.ActiveCfg = Debug|x64
		{4007F0D9-6585-4C63-B8C8-1BA8E4B8ECF2}.Debug|x64.Build.0 = Debug|x64
		{4007F0D9-6585-4C63-B8C8-1BA8E4B8ECF2}.Debug|x86.ActiveCfg = Debug|Win32
		{4007F0D9-6585-4C63-B8C8-1BA8E4B8ECF2}.Debug|x86.Build.0 = Debug|Win32
		{4007F0D9-6585-4C63-B8C8-1BA8E4B8ECF2}.Release|x64.ActiveCfg = Release|x64
		{4007F0D9-6585-4C63-B8C8-1BA8E4B8ECF2}.Release|x64.Build.0 = Release|x64
		{4007F0D9-6585-4C63-B8C8-1BA8E4B8ECF2}.Release|x86.ActiveCfg = Release|Win32
		{4007F0D9-6585-4C63-B8C8-1BA8E4B8ECF2}.Release|x86.Build.0 = Release|Win32
	EndGlobalSection
	GlobalSection(SolutionProperties) = preSolution
		HideSolutionNode = FALSE
	EndGlobalSection
	GlobalSection(NestedProjects) = preSolution
		{3650B1B8-0036-4083-9128-8A86E2B32A3D} = {95F235F3-DA27-40A1-AAA9-A36B8B180719}
		{F389EB10-E804-4611-A79A-9590DBDF8BE5} = {3650B1B8-0036-4083-9128-8A86E2B32A3D}
		{9265D7A4-5D9E-4B1E-8968-A22DFE980FE4} = {3650B1B8-0036-4083-9128-8A86E2B32A3D}
		{3F5DAC79-5231-48AC-B4DA-68575BBDAA54} = {3650B1B8-0036-4083-9128-8A86E2B32A3D}
		{88B522CD-BE2B-4E2F-A61C-7DB69BF927C8} = {95F235F3-DA27-40A1-AAA9-A36B8B180719}
		{AE43D376-00FA-4D55-A14C-4C260F51C527} = {88B522CD-BE2B-4E2F-A61C-7DB69BF927C8}
		{DFE19A94-8BD0-49CB-9972-908CF45BBD02} = {88B522CD-BE2B-4E2F-A61C-7DB69BF927C8}
		{E376BFD6-BC91-47B8-A951-11E812A2C91F} = {88B522CD-BE2B-4E2F-A61C-7DB69BF927C8}
		{40916703-1B0D-45EA-A241-7249857D9F4F} = {2E3C7F13-9C3E-4CDF-9CFF-3F55718094AA}
		{E99294CF-38B2-4C76-A153-7783176A2C14} = {40916703-1B0D-45EA-A241-7249857D9F4F}
		{F7E8BE90-17B0-458E-A3E3-DC9802E6ED72} = {40916703-1B0D-45EA-A241-7249857D9F4F}
		{4DE45B10-08D5-4039-93E4-3F950E8EAD2A} = {2E3C7F13-9C3E-4CDF-9CFF-3F55718094AA}
		{3065D57C-7DFF-4818-A1E2-08E3086D1DA6} = {4DE45B10-08D5-4039-93E4-3F950E8EAD2A}
		{6E2F1739-B069-4F6F-B6DE-EB591F15B728} = {3065D57C-7DFF-4818-A1E2-08E3086D1DA6}
		{F78EF5A5-6AA6-4A47-8BD1-072F22C22CB8} = {4DE45B10-08D5-4039-93E4-3F950E8EAD2A}
		{238AE5C9-B089-4B3E-A23B-1DAF881DBD44} = {F78EF5A5-6AA6-4A47-8BD1-072F22C22CB8}
		{B98DBDD1-C02E-4AA3-93F2-177815C12F16} = {F78EF5A5-6AA6-4A47-8BD1-072F22C22CB8}
		{F962DA0A-074D-49E0-AF07-7D7871E74889} = {F78EF5A5-6AA6-4A47-8BD1-072F22C22CB8}
		{F7312EF4-B19D-4B40-AC14-168A39128FE0} = {F78EF5A5-6AA6-4A47-8BD1-072F22C22CB8}
		{66FC2640-F525-494F-BA35-9C182973D1C0} = {F78EF5A5-6AA6-4A47-8BD1-072F22C22CB8}
		{84B6A1A3-37AB-489D-B78B-5DFF3314DC2B} = {F78EF5A5-6AA6-4A47-8BD1-072F22C22CB8}
		{C663F8C5-DDB3-4A5C-B675-DFE4041368D8} = {88B522CD-BE2B-4E2F-A61C-7DB69BF927C8}
		{E1C90778-30E8-4D9E-90A3-5C8247AE1E32} = {88B522CD-BE2B-4E2F-A61C-7DB69BF927C8}
		{DAD53909-798A-45B3-95FE-ACB7E04BE170} = {40916703-1B0D-45EA-A241-7249857D9F4F}
		{45C79AB4-3208-49C9-8C30-B3DACA1C0D86} = {3065D57C-7DFF-4818-A1E2-08E3086D1DA6}
		{BD7B57D0-AAC9-4A47-9C4A-5D0A8787995C} = {2E3C7F13-9C3E-4CDF-9CFF-3F55718094AA}
		{4973F90F-D22F-4EC5-84D4-F0856FA5A277} = {BD7B57D0-AAC9-4A47-9C4A-5D0A8787995C}
		{EA911C35-29DD-40AD-B0F3-DDF78EB96029} = {BD7B57D0-AAC9-4A47-9C4A-5D0A8787995C}
		{114921E6-E5A4-4784-A320-C6535568D926} = {EA911C35-29DD-40AD-B0F3-DDF78EB96029}
		{D3B5AEE9-2680-4AD9-947E-F6D0CF9AEA74} = {EA911C35-29DD-40AD-B0F3-DDF78EB96029}
		{D083956B-52D1-4FD0-B0FF-E823BB3FFD72} = {4973F90F-D22F-4EC5-84D4-F0856FA5A277}
		{81B44EA3-BBD5-4B15-BA39-41EDE77F4C2D} = {4973F90F-D22F-4EC5-84D4-F0856FA5A277}
		{0F1DB3E3-3CFA-41A8-B4FB-4B6683378C7E} = {4973F90F-D22F-4EC5-84D4-F0856FA5A277}
		{376A5BC7-6E9C-4228-9010-3C555414EC3A} = {2E3C7F13-9C3E-4CDF-9CFF-3F55718094AA}
		{0D91D5C6-612A-4036-B240-68E42FBD8F47} = {376A5BC7-6E9C-4228-9010-3C555414EC3A}
		{5A2B3B17-ED20-443C-A80E-95064B44C77F} = {376A5BC7-6E9C-4228-9010-3C555414EC3A}
		{AF73CEBE-AAB4-4BF5-97D7-F7D1CF7AF933} = {0D91D5C6-612A-4036-B240-68E42FBD8F47}
		{1B771E99-7823-44E1-98CE-28F2332EF344} = {5A2B3B17-ED20-443C-A80E-95064B44C77F}
		{9AFDC3C0-9397-4499-9F27-CDE55B27BDF9} = {2E3C7F13-9C3E-4CDF-9CFF-3F55718094AA}
		{0580D355-3E66-4FB6-8A70-D1291C1B1F04} = {9AFDC3C0-9397-4499-9F27-CDE55B27BDF9}
		{EB86CA3E-C59F-4A94-B0D2-942B39696F5F} = {9AFDC3C0-9397-4499-9F27-CDE55B27BDF9}
		{ABD08A8D-C878-4FA9-B54B-CF4E3F91FBD9} = {EB86CA3E-C59F-4A94-B0D2-942B39696F5F}
		{E2DE06AD-0547-40C9-9413-5CC23559358B} = {0580D355-3E66-4FB6-8A70-D1291C1B1F04}
		{13D6BEB5-E72A-4A31-8D17-208359A3B119} = {0580D355-3E66-4FB6-8A70-D1291C1B1F04}
		{A01F7FE7-7016-401E-921B-39F2001013BE} = {C0798945-AA23-4AD0-8E48-56C8F7661928}
		{9E9C1605-77D2-419F-9068-6AF44A919C82} = {EB86CA3E-C59F-4A94-B0D2-942B39696F5F}
		{385B6A65-AEFB-4CB3-AF96-CDC0CF4F3E73} = {2E3C7F13-9C3E-4CDF-9CFF-3F55718094AA}
		{3023303A-141A-4BAB-8A3B-D384B1E422E9} = {385B6A65-AEFB-4CB3-AF96-CDC0CF4F3E73}
		{54A774F4-15F9-4E98-B1AF-2C84C2371388} = {385B6A65-AEFB-4CB3-AF96-CDC0CF4F3E73}
		{19EB34A7-6ADD-4F4A-BD0A-B5F96615930B} = {54A774F4-15F9-4E98-B1AF-2C84C2371388}
		{D6AF445B-8101-4F33-8267-9BECC77FF301} = {2E3C7F13-9C3E-4CDF-9CFF-3F55718094AA}
		{EEB13287-717E-41B1-896E-29C359C8AA45} = {D6AF445B-8101-4F33-8267-9BECC77FF301}
		{38E205D2-2CDC-4C2A-9331-44F6D04EF0F8} = {EEB13287-717E-41B1-896E-29C359C8AA45}
		{3FD625AE-420D-4A28-868B-9FCA589CA5C9} = {D6AF445B-8101-4F33-8267-9BECC77FF301}
		{734322FB-7FBE-4D42-A79C-AA36BD58DA04} = {3FD625AE-420D-4A28-868B-9FCA589CA5C9}
		{3CAE1236-7F92-45F2-BBFA-13929CAB63EE} = {3FD625AE-420D-4A28-868B-9FCA589CA5C9}
		{025550A1-8884-4000-923B-7AF5F9047E6E} = {3FD625AE-420D-4A28-868B-9FCA589CA5C9}
		{CE7C60D2-1CD7-4D94-B08C-67F5963E5E8D} = {3FD625AE-420D-4A28-868B-9FCA589CA5C9}
		{86DDFBD9-1AF2-4C18-A8F3-00D1751DADE9} = {3FD625AE-420D-4A28-868B-9FCA589CA5C9}
		{0610218B-F816-487D-9976-E77121085936} = {3FD625AE-420D-4A28-868B-9FCA589CA5C9}
		{C9614614-114D-4A51-AB9D-38B8F3A7D6A1} = {2E3C7F13-9C3E-4CDF-9CFF-3F55718094AA}
		{4412A68C-B03B-4ADD-B683-BF6A10F51105} = {C9614614-114D-4A51-AB9D-38B8F3A7D6A1}
		{A3C7BDD6-6E6A-4F41-8ECD-A6555C663DAD} = {C9614614-114D-4A51-AB9D-38B8F3A7D6A1}
		{50B360B2-E800-4669-93DF-1B8ABFF2145E} = {A3C7BDD6-6E6A-4F41-8ECD-A6555C663DAD}
		{F7469EB9-FC35-4DBE-A9C2-69C8349DF743} = {4412A68C-B03B-4ADD-B683-BF6A10F51105}
		{D08EA683-6643-4E14-B672-2E7E8E1B86C8} = {4412A68C-B03B-4ADD-B683-BF6A10F51105}
		{FA9EC92F-EC48-4E99-902B-5103ED2CFA12} = {4412A68C-B03B-4ADD-B683-BF6A10F51105}
		{8FCC555B-C2FB-47C6-BF91-1D0D5DE8BC10} = {4412A68C-B03B-4ADD-B683-BF6A10F51105}
		{DFEAB0CC-8BE7-43CF-8CCD-C1999BC967ED} = {4412A68C-B03B-4ADD-B683-BF6A10F51105}
		{227CD284-FC1D-417A-9D51-8B179D5CFC55} = {4412A68C-B03B-4ADD-B683-BF6A10F51105}
		{4007F0D9-6585-4C63-B8C8-1BA8E4B8ECF2} = {4412A68C-B03B-4ADD-B683-BF6A10F51105}
	EndGlobalSection
	GlobalSection(ExtensibilityGlobals) = postSolution
		SolutionGuid = {0CA43DAE-FFA4-4635-ADBA-C2037A52761D}
	EndGlobalSection
EndGlobal
