
Microsoft Visual Studio Solution File, Format Version 12.00
# Visual Studio 15
VisualStudioVersion = 15.0.27703.2026
MinimumVisualStudioVersion = 10.0.40219.1
Project("{2150E333-8FDC-42A3-9474-1A3956D46DE8}") = "Part_1", "Part_1", "{95F235F3-DA27-40A1-AAA9-A36B8B180719}"
EndProject
Project("{2150E333-8FDC-42A3-9474-1A3956D46DE8}") = "Chapter_01", "Chapter_01", "{3650B1B8-0036-4083-9128-8A86E2B32A3D}"
EndProject
Project("{8BC9CEB8-8B4A-11D0-8D11-00A0C91BC942}") = "01_Vector", "01_Vector\01_Vector.vcxproj", "{F389EB10-E804-4611-A79A-9590DBDF8BE5}"
EndProject
Project("{8BC9CEB8-8B4A-11D0-8D11-00A0C91BC942}") = "02_VectorFunction", "02_VectorFunction\02_VectorFunction.vcxproj", "{9265D7A4-5D9E-4B1E-8968-A22DFE980FE4}"
EndProject
Project("{8BC9CEB8-8B4A-11D0-8D11-00A0C91BC942}") = "03_FloatingPoint_Error", "03_FloatingPoint_Error\03_FloatingPoint_Error.vcxproj", "{3F5DAC79-5231-48AC-B4DA-68575BBDAA54}"
EndProject
Project("{2150E333-8FDC-42A3-9474-1A3956D46DE8}") = "Chapter_02", "Chapter_02", "{88B522CD-BE2B-4E2F-A61C-7DB69BF927C8}"
EndProject
Project("{8BC9CEB8-8B4A-11D0-8D11-00A0C91BC942}") = "01_Matrix", "01_Matrix\01_Matrix.vcxproj", "{AE43D376-00FA-4D55-A14C-4C260F51C527}"
EndProject
Project("{8BC9CEB8-8B4A-11D0-8D11-00A0C91BC942}") = "C02_Exhibition", "C02_Exhibition\C02_Exhibition.vcxproj", "{DFE19A94-8BD0-49CB-9972-908CF45BBD02}"
EndProject
Project("{8BC9CEB8-8B4A-11D0-8D11-00A0C91BC942}") = "C02_Exhibition_2", "C02_Exhibition_2\C02_Exhibition_2.vcxproj", "{E376BFD6-BC91-47B8-A951-11E812A2C91F}"
EndProject
Project("{2150E333-8FDC-42A3-9474-1A3956D46DE8}") = "Part_2", "Part_2", "{2E3C7F13-9C3E-4CDF-9CFF-3F55718094AA}"
EndProject
Project("{2150E333-8FDC-42A3-9474-1A3956D46DE8}") = "Chapter_04", "Chapter_04", "{40916703-1B0D-45EA-A241-7249857D9F4F}"
EndProject
Project("{8BC9CEB8-8B4A-11D0-8D11-00A0C91BC942}") = "InitDirect3D", "InitDirect3D\InitDirect3D.vcxproj", "{BC2A90EA-A1F8-4488-92D2-57E372F21E7F}"
EndProject
Global
	GlobalSection(SolutionConfigurationPlatforms) = preSolution
		Debug|x64 = Debug|x64
		Debug|x86 = Debug|x86
		Release|x64 = Release|x64
		Release|x86 = Release|x86
	EndGlobalSection
	GlobalSection(ProjectConfigurationPlatforms) = postSolution
		{F389EB10-E804-4611-A79A-9590DBDF8BE5}.Debug|x64.ActiveCfg = Debug|x64
		{F389EB10-E804-4611-A79A-9590DBDF8BE5}.Debug|x64.Build.0 = Debug|x64
		{F389EB10-E804-4611-A79A-9590DBDF8BE5}.Debug|x86.ActiveCfg = Debug|Win32
		{F389EB10-E804-4611-A79A-9590DBDF8BE5}.Debug|x86.Build.0 = Debug|Win32
		{F389EB10-E804-4611-A79A-9590DBDF8BE5}.Release|x64.ActiveCfg = Release|x64
		{F389EB10-E804-4611-A79A-9590DBDF8BE5}.Release|x64.Build.0 = Release|x64
		{F389EB10-E804-4611-A79A-9590DBDF8BE5}.Release|x86.ActiveCfg = Release|Win32
		{F389EB10-E804-4611-A79A-9590DBDF8BE5}.Release|x86.Build.0 = Release|Win32
		{9265D7A4-5D9E-4B1E-8968-A22DFE980FE4}.Debug|x64.ActiveCfg = Debug|x64
		{9265D7A4-5D9E-4B1E-8968-A22DFE980FE4}.Debug|x64.Build.0 = Debug|x64
		{9265D7A4-5D9E-4B1E-8968-A22DFE980FE4}.Debug|x86.ActiveCfg = Debug|Win32
		{9265D7A4-5D9E-4B1E-8968-A22DFE980FE4}.Debug|x86.Build.0 = Debug|Win32
		{9265D7A4-5D9E-4B1E-8968-A22DFE980FE4}.Release|x64.ActiveCfg = Release|x64
		{9265D7A4-5D9E-4B1E-8968-A22DFE980FE4}.Release|x64.Build.0 = Release|x64
		{9265D7A4-5D9E-4B1E-8968-A22DFE980FE4}.Release|x86.ActiveCfg = Release|Win32
		{9265D7A4-5D9E-4B1E-8968-A22DFE980FE4}.Release|x86.Build.0 = Release|Win32
		{3F5DAC79-5231-48AC-B4DA-68575BBDAA54}.Debug|x64.ActiveCfg = Debug|x64
		{3F5DAC79-5231-48AC-B4DA-68575BBDAA54}.Debug|x64.Build.0 = Debug|x64
		{3F5DAC79-5231-48AC-B4DA-68575BBDAA54}.Debug|x86.ActiveCfg = Debug|Win32
		{3F5DAC79-5231-48AC-B4DA-68575BBDAA54}.Debug|x86.Build.0 = Debug|Win32
		{3F5DAC79-5231-48AC-B4DA-68575BBDAA54}.Release|x64.ActiveCfg = Release|x64
		{3F5DAC79-5231-48AC-B4DA-68575BBDAA54}.Release|x64.Build.0 = Release|x64
		{3F5DAC79-5231-48AC-B4DA-68575BBDAA54}.Release|x86.ActiveCfg = Release|Win32
		{3F5DAC79-5231-48AC-B4DA-68575BBDAA54}.Release|x86.Build.0 = Release|Win32
		{AE43D376-00FA-4D55-A14C-4C260F51C527}.Debug|x64.ActiveCfg = Debug|x64
		{AE43D376-00FA-4D55-A14C-4C260F51C527}.Debug|x64.Build.0 = Debug|x64
		{AE43D376-00FA-4D55-A14C-4C260F51C527}.Debug|x86.ActiveCfg = Debug|Win32
		{AE43D376-00FA-4D55-A14C-4C260F51C527}.Debug|x86.Build.0 = Debug|Win32
		{AE43D376-00FA-4D55-A14C-4C260F51C527}.Release|x64.ActiveCfg = Release|x64
		{AE43D376-00FA-4D55-A14C-4C260F51C527}.Release|x64.Build.0 = Release|x64
		{AE43D376-00FA-4D55-A14C-4C260F51C527}.Release|x86.ActiveCfg = Release|Win32
		{AE43D376-00FA-4D55-A14C-4C260F51C527}.Release|x86.Build.0 = Release|Win32
		{DFE19A94-8BD0-49CB-9972-908CF45BBD02}.Debug|x64.ActiveCfg = Debug|x64
		{DFE19A94-8BD0-49CB-9972-908CF45BBD02}.Debug|x64.Build.0 = Debug|x64
		{DFE19A94-8BD0-49CB-9972-908CF45BBD02}.Debug|x86.ActiveCfg = Debug|Win32
		{DFE19A94-8BD0-49CB-9972-908CF45BBD02}.Debug|x86.Build.0 = Debug|Win32
		{DFE19A94-8BD0-49CB-9972-908CF45BBD02}.Release|x64.ActiveCfg = Release|x64
		{DFE19A94-8BD0-49CB-9972-908CF45BBD02}.Release|x64.Build.0 = Release|x64
		{DFE19A94-8BD0-49CB-9972-908CF45BBD02}.Release|x86.ActiveCfg = Release|Win32
		{DFE19A94-8BD0-49CB-9972-908CF45BBD02}.Release|x86.Build.0 = Release|Win32
		{E376BFD6-BC91-47B8-A951-11E812A2C91F}.Debug|x64.ActiveCfg = Debug|x64
		{E376BFD6-BC91-47B8-A951-11E812A2C91F}.Debug|x64.Build.0 = Debug|x64
		{E376BFD6-BC91-47B8-A951-11E812A2C91F}.Debug|x86.ActiveCfg = Debug|Win32
		{E376BFD6-BC91-47B8-A951-11E812A2C91F}.Debug|x86.Build.0 = Debug|Win32
		{E376BFD6-BC91-47B8-A951-11E812A2C91F}.Release|x64.ActiveCfg = Release|x64
		{E376BFD6-BC91-47B8-A951-11E812A2C91F}.Release|x64.Build.0 = Release|x64
		{E376BFD6-BC91-47B8-A951-11E812A2C91F}.Release|x86.ActiveCfg = Release|Win32
		{E376BFD6-BC91-47B8-A951-11E812A2C91F}.Release|x86.Build.0 = Release|Win32
		{BC2A90EA-A1F8-4488-92D2-57E372F21E7F}.Debug|x64.ActiveCfg = Debug|x64
		{BC2A90EA-A1F8-4488-92D2-57E372F21E7F}.Debug|x64.Build.0 = Debug|x64
		{BC2A90EA-A1F8-4488-92D2-57E372F21E7F}.Debug|x86.ActiveCfg = Debug|Win32
		{BC2A90EA-A1F8-4488-92D2-57E372F21E7F}.Debug|x86.Build.0 = Debug|Win32
		{BC2A90EA-A1F8-4488-92D2-57E372F21E7F}.Release|x64.ActiveCfg = Release|x64
		{BC2A90EA-A1F8-4488-92D2-57E372F21E7F}.Release|x64.Build.0 = Release|x64
		{BC2A90EA-A1F8-4488-92D2-57E372F21E7F}.Release|x86.ActiveCfg = Release|Win32
		{BC2A90EA-A1F8-4488-92D2-57E372F21E7F}.Release|x86.Build.0 = Release|Win32
	EndGlobalSection
	GlobalSection(SolutionProperties) = preSolution
		HideSolutionNode = FALSE
	EndGlobalSection
	GlobalSection(NestedProjects) = preSolution
		{3650B1B8-0036-4083-9128-8A86E2B32A3D} = {95F235F3-DA27-40A1-AAA9-A36B8B180719}
		{F389EB10-E804-4611-A79A-9590DBDF8BE5} = {3650B1B8-0036-4083-9128-8A86E2B32A3D}
		{9265D7A4-5D9E-4B1E-8968-A22DFE980FE4} = {3650B1B8-0036-4083-9128-8A86E2B32A3D}
		{3F5DAC79-5231-48AC-B4DA-68575BBDAA54} = {3650B1B8-0036-4083-9128-8A86E2B32A3D}
		{88B522CD-BE2B-4E2F-A61C-7DB69BF927C8} = {95F235F3-DA27-40A1-AAA9-A36B8B180719}
		{AE43D376-00FA-4D55-A14C-4C260F51C527} = {88B522CD-BE2B-4E2F-A61C-7DB69BF927C8}
		{DFE19A94-8BD0-49CB-9972-908CF45BBD02} = {88B522CD-BE2B-4E2F-A61C-7DB69BF927C8}
		{E376BFD6-BC91-47B8-A951-11E812A2C91F} = {88B522CD-BE2B-4E2F-A61C-7DB69BF927C8}
		{40916703-1B0D-45EA-A241-7249857D9F4F} = {2E3C7F13-9C3E-4CDF-9CFF-3F55718094AA}
		{BC2A90EA-A1F8-4488-92D2-57E372F21E7F} = {40916703-1B0D-45EA-A241-7249857D9F4F}
	EndGlobalSection
	GlobalSection(ExtensibilityGlobals) = postSolution
		SolutionGuid = {0CA43DAE-FFA4-4635-ADBA-C2037A52761D}
	EndGlobalSection
EndGlobal
